
Microsoft Visual Studio Solution File, Format Version 12.00
# Visual Studio Version 17
VisualStudioVersion = 17.11.35303.130
MinimumVisualStudioVersion = 10.0.40219.1
Project("{2150E333-8FDC-42A3-9474-1A3956D46DE8}") = "AdministrationService", "AdministrationService", "{E116F173-A30B-49DB-A24E-5B9FE849277C}"
EndProject
Project("{9A19103F-16F7-4668-BE54-9A1E7A4F7556}") = "AdministrationService.Application", "AdministrationService.Application\AdministrationService.Application.csproj", "{F8A87B77-8A9A-4477-849B-A3FEAC95570C}"
EndProject
Project("{9A19103F-16F7-4668-BE54-9A1E7A4F7556}") = "AdministrationService.Domain", "AdministrationService.Domain\AdministrationService.Domain.csproj", "{465913DA-230E-45AD-B05F-A91C5ED377D1}"
EndProject
Project("{9A19103F-16F7-4668-BE54-9A1E7A4F7556}") = "AdministrationService.Infrastructure", "AdministrationService.Infrastructure\AdministrationService.Infrastructure.csproj", "{0FEC1DFB-F640-4988-8F85-7BE6709A5674}"
EndProject
Project("{9A19103F-16F7-4668-BE54-9A1E7A4F7556}") = "AdministrationService.WebAPI", "AdministrationService.WebAPI\AdministrationService.WebAPI.csproj", "{F358B56E-FDF8-4C74-8C57-C0FB292E7F97}"
EndProject
Project("{2150E333-8FDC-42A3-9474-1A3956D46DE8}") = "tests", "tests", "{2D05BD95-CD79-4CAD-9983-6FBA904DFA2B}"
EndProject
Project("{2150E333-8FDC-42A3-9474-1A3956D46DE8}") = "src", "src", "{9198727E-BBC7-4769-B9CF-2552F748845F}"
EndProject
Project("{9A19103F-16F7-4668-BE54-9A1E7A4F7556}") = "AdministrationService.UnitTests", "AdministrationService.UnitTests\AdministrationService.UnitTests.csproj", "{531F3DED-7003-493E-A08B-4561CEB6AE3A}"
EndProject
Project("{9A19103F-16F7-4668-BE54-9A1E7A4F7556}") = "AdministrationService.IntegrationTests", "AdministrationService.IntegrationTests\AdministrationService.IntegrationTests.csproj", "{AC305978-129F-413D-BEC6-83AE6B9D667F}"
EndProject
Project("{2150E333-8FDC-42A3-9474-1A3956D46DE8}") = "Shared", "Shared", "{1D3C002F-46E6-42BF-90BC-B56CF25D9BBC}"
EndProject
Project("{9A19103F-16F7-4668-BE54-9A1E7A4F7556}") = "T3.Domain.Shared", "T3.Domain.Shared\T3.Domain.Shared.csproj", "{AE5A154F-E541-4C7D-9CF9-6B5FA7987C81}"
EndProject
Project("{9A19103F-16F7-4668-BE54-9A1E7A4F7556}") = "T3.Shared", "T3.Shared\T3.Shared.csproj", "{93F87C9E-5C1B-447A-A59E-4E07F519F70D}"
EndProject
Project("{9A19103F-16F7-4668-BE54-9A1E7A4F7556}") = "T3.Infrastructure.Shared", "T3.Infrastructure.Shared\T3.Infrastructure.Shared.csproj", "{6F8E4C1B-0BAD-428F-AAE5-D6632DBA3C44}"
EndProject
Project("{2150E333-8FDC-42A3-9474-1A3956D46DE8}") = "TaskService", "TaskService", "{073E4AA2-266D-4720-9BA6-B1EE3A82FC60}"
EndProject
Project("{2150E333-8FDC-42A3-9474-1A3956D46DE8}") = "src", "src", "{058AC89C-41DD-4EBA-87F4-0BC4962544C5}"
EndProject
Project("{2150E333-8FDC-42A3-9474-1A3956D46DE8}") = "tests", "tests", "{3CFF5D69-FAFA-42F6-ADEB-D8D4A1210C00}"
EndProject
Project("{9A19103F-16F7-4668-BE54-9A1E7A4F7556}") = "TaskService.Application", "TaskService.Application\TaskService.Application.csproj", "{C4B049AB-C6C6-4FAE-B635-8863E27385EB}"
EndProject
Project("{9A19103F-16F7-4668-BE54-9A1E7A4F7556}") = "TaskService.Domain", "TaskService.Domain\TaskService.Domain.csproj", "{806E812E-63FC-47EB-9A2F-CE55A6C2BCBB}"
EndProject
Project("{9A19103F-16F7-4668-BE54-9A1E7A4F7556}") = "TaskService.Infrastructure", "TaskService.Infrastructure\TaskService.Infrastructure.csproj", "{2B2C4500-FFB7-4EAD-81B8-B6C9D9832E95}"
EndProject
Project("{9A19103F-16F7-4668-BE54-9A1E7A4F7556}") = "TaskService.WebAPI", "TaskService.WebAPI\TaskService.WebAPI.csproj", "{A8781DAB-C75A-4113-9D49-A23BE6391889}"
EndProject
Project("{9A19103F-16F7-4668-BE54-9A1E7A4F7556}") = "TaskService.UnitTests", "TaskService.UnitTests\TaskService.UnitTests.csproj", "{362E1CF8-E981-4680-8970-A60699BD35EC}"
EndProject
Project("{9A19103F-16F7-4668-BE54-9A1E7A4F7556}") = "TaskService.IntegrationTests", "TaskService.IntegrationTests\TaskService.IntegrationTests.csproj", "{C62946A9-689C-4569-AA42-018D54220184}"
EndProject
Project("{9A19103F-16F7-4668-BE54-9A1E7A4F7556}") = "TaskService.FunctionalTests", "TaskService.FunctionalTests\TaskService.FunctionalTests.csproj", "{56EE68CA-271E-4E50-80BB-F0B8BECA915E}"
EndProject
Project("{2150E333-8FDC-42A3-9474-1A3956D46DE8}") = "ApiGateway", "ApiGateway", "{F51066FE-067C-4E66-A803-8945504AF527}"
EndProject
Project("{9A19103F-16F7-4668-BE54-9A1E7A4F7556}") = "T3.ApiGateway", "T3.ApiGateway\T3.ApiGateway.csproj", "{BA2F0B13-7D47-4338-AFE0-B77D33907058}"
EndProject
Project("{2150E333-8FDC-42A3-9474-1A3956D46DE8}") = "Services", "Services", "{F5157D17-714D-47C8-8CF0-82AAE97FB4CB}"
EndProject
Global
	GlobalSection(SolutionConfigurationPlatforms) = preSolution
		Debug|Any CPU = Debug|Any CPU
		Release|Any CPU = Release|Any CPU
	EndGlobalSection
	GlobalSection(ProjectConfigurationPlatforms) = postSolution
		{F8A87B77-8A9A-4477-849B-A3FEAC95570C}.Debug|Any CPU.ActiveCfg = Debug|Any CPU
		{F8A87B77-8A9A-4477-849B-A3FEAC95570C}.Debug|Any CPU.Build.0 = Debug|Any CPU
		{F8A87B77-8A9A-4477-849B-A3FEAC95570C}.Release|Any CPU.ActiveCfg = Release|Any CPU
		{F8A87B77-8A9A-4477-849B-A3FEAC95570C}.Release|Any CPU.Build.0 = Release|Any CPU
		{465913DA-230E-45AD-B05F-A91C5ED377D1}.Debug|Any CPU.ActiveCfg = Debug|Any CPU
		{465913DA-230E-45AD-B05F-A91C5ED377D1}.Debug|Any CPU.Build.0 = Debug|Any CPU
		{465913DA-230E-45AD-B05F-A91C5ED377D1}.Release|Any CPU.ActiveCfg = Release|Any CPU
		{465913DA-230E-45AD-B05F-A91C5ED377D1}.Release|Any CPU.Build.0 = Release|Any CPU
		{0FEC1DFB-F640-4988-8F85-7BE6709A5674}.Debug|Any CPU.ActiveCfg = Debug|Any CPU
		{0FEC1DFB-F640-4988-8F85-7BE6709A5674}.Debug|Any CPU.Build.0 = Debug|Any CPU
		{0FEC1DFB-F640-4988-8F85-7BE6709A5674}.Release|Any CPU.ActiveCfg = Release|Any CPU
		{0FEC1DFB-F640-4988-8F85-7BE6709A5674}.Release|Any CPU.Build.0 = Release|Any CPU
		{F358B56E-FDF8-4C74-8C57-C0FB292E7F97}.Debug|Any CPU.ActiveCfg = Debug|Any CPU
		{F358B56E-FDF8-4C74-8C57-C0FB292E7F97}.Debug|Any CPU.Build.0 = Debug|Any CPU
		{F358B56E-FDF8-4C74-8C57-C0FB292E7F97}.Release|Any CPU.ActiveCfg = Release|Any CPU
		{F358B56E-FDF8-4C74-8C57-C0FB292E7F97}.Release|Any CPU.Build.0 = Release|Any CPU
		{531F3DED-7003-493E-A08B-4561CEB6AE3A}.Debug|Any CPU.ActiveCfg = Debug|Any CPU
		{531F3DED-7003-493E-A08B-4561CEB6AE3A}.Debug|Any CPU.Build.0 = Debug|Any CPU
		{531F3DED-7003-493E-A08B-4561CEB6AE3A}.Release|Any CPU.ActiveCfg = Release|Any CPU
		{531F3DED-7003-493E-A08B-4561CEB6AE3A}.Release|Any CPU.Build.0 = Release|Any CPU
		{AC305978-129F-413D-BEC6-83AE6B9D667F}.Debug|Any CPU.ActiveCfg = Debug|Any CPU
		{AC305978-129F-413D-BEC6-83AE6B9D667F}.Debug|Any CPU.Build.0 = Debug|Any CPU
		{AC305978-129F-413D-BEC6-83AE6B9D667F}.Release|Any CPU.ActiveCfg = Release|Any CPU
		{AC305978-129F-413D-BEC6-83AE6B9D667F}.Release|Any CPU.Build.0 = Release|Any CPU
		{AE5A154F-E541-4C7D-9CF9-6B5FA7987C81}.Debug|Any CPU.ActiveCfg = Debug|Any CPU
		{AE5A154F-E541-4C7D-9CF9-6B5FA7987C81}.Debug|Any CPU.Build.0 = Debug|Any CPU
		{AE5A154F-E541-4C7D-9CF9-6B5FA7987C81}.Release|Any CPU.ActiveCfg = Release|Any CPU
		{AE5A154F-E541-4C7D-9CF9-6B5FA7987C81}.Release|Any CPU.Build.0 = Release|Any CPU
		{93F87C9E-5C1B-447A-A59E-4E07F519F70D}.Debug|Any CPU.ActiveCfg = Debug|Any CPU
		{93F87C9E-5C1B-447A-A59E-4E07F519F70D}.Debug|Any CPU.Build.0 = Debug|Any CPU
		{93F87C9E-5C1B-447A-A59E-4E07F519F70D}.Release|Any CPU.ActiveCfg = Release|Any CPU
		{93F87C9E-5C1B-447A-A59E-4E07F519F70D}.Release|Any CPU.Build.0 = Release|Any CPU
		{6F8E4C1B-0BAD-428F-AAE5-D6632DBA3C44}.Debug|Any CPU.ActiveCfg = Debug|Any CPU
		{6F8E4C1B-0BAD-428F-AAE5-D6632DBA3C44}.Debug|Any CPU.Build.0 = Debug|Any CPU
		{6F8E4C1B-0BAD-428F-AAE5-D6632DBA3C44}.Release|Any CPU.ActiveCfg = Release|Any CPU
		{6F8E4C1B-0BAD-428F-AAE5-D6632DBA3C44}.Release|Any CPU.Build.0 = Release|Any CPU
		{C4B049AB-C6C6-4FAE-B635-8863E27385EB}.Debug|Any CPU.ActiveCfg = Debug|Any CPU
		{C4B049AB-C6C6-4FAE-B635-8863E27385EB}.Debug|Any CPU.Build.0 = Debug|Any CPU
		{C4B049AB-C6C6-4FAE-B635-8863E27385EB}.Release|Any CPU.ActiveCfg = Release|Any CPU
		{C4B049AB-C6C6-4FAE-B635-8863E27385EB}.Release|Any CPU.Build.0 = Release|Any CPU
		{806E812E-63FC-47EB-9A2F-CE55A6C2BCBB}.Debug|Any CPU.ActiveCfg = Debug|Any CPU
		{806E812E-63FC-47EB-9A2F-CE55A6C2BCBB}.Debug|Any CPU.Build.0 = Debug|Any CPU
		{806E812E-63FC-47EB-9A2F-CE55A6C2BCBB}.Release|Any CPU.ActiveCfg = Release|Any CPU
		{806E812E-63FC-47EB-9A2F-CE55A6C2BCBB}.Release|Any CPU.Build.0 = Release|Any CPU
		{2B2C4500-FFB7-4EAD-81B8-B6C9D9832E95}.Debug|Any CPU.ActiveCfg = Debug|Any CPU
		{2B2C4500-FFB7-4EAD-81B8-B6C9D9832E95}.Debug|Any CPU.Build.0 = Debug|Any CPU
		{2B2C4500-FFB7-4EAD-81B8-B6C9D9832E95}.Release|Any CPU.ActiveCfg = Release|Any CPU
		{2B2C4500-FFB7-4EAD-81B8-B6C9D9832E95}.Release|Any CPU.Build.0 = Release|Any CPU
		{A8781DAB-C75A-4113-9D49-A23BE6391889}.Debug|Any CPU.ActiveCfg = Debug|Any CPU
		{A8781DAB-C75A-4113-9D49-A23BE6391889}.Debug|Any CPU.Build.0 = Debug|Any CPU
		{A8781DAB-C75A-4113-9D49-A23BE6391889}.Release|Any CPU.ActiveCfg = Release|Any CPU
		{A8781DAB-C75A-4113-9D49-A23BE6391889}.Release|Any CPU.Build.0 = Release|Any CPU
		{362E1CF8-E981-4680-8970-A60699BD35EC}.Debug|Any CPU.ActiveCfg = Debug|Any CPU
		{362E1CF8-E981-4680-8970-A60699BD35EC}.Debug|Any CPU.Build.0 = Debug|Any CPU
		{362E1CF8-E981-4680-8970-A60699BD35EC}.Release|Any CPU.ActiveCfg = Release|Any CPU
		{362E1CF8-E981-4680-8970-A60699BD35EC}.Release|Any CPU.Build.0 = Release|Any CPU
		{C62946A9-689C-4569-AA42-018D54220184}.Debug|Any CPU.ActiveCfg = Debug|Any CPU
		{C62946A9-689C-4569-AA42-018D54220184}.Debug|Any CPU.Build.0 = Debug|Any CPU
		{C62946A9-689C-4569-AA42-018D54220184}.Release|Any CPU.ActiveCfg = Release|Any CPU
		{C62946A9-689C-4569-AA42-018D54220184}.Release|Any CPU.Build.0 = Release|Any CPU
		{56EE68CA-271E-4E50-80BB-F0B8BECA915E}.Debug|Any CPU.ActiveCfg = Debug|Any CPU
		{56EE68CA-271E-4E50-80BB-F0B8BECA915E}.Debug|Any CPU.Build.0 = Debug|Any CPU
		{56EE68CA-271E-4E50-80BB-F0B8BECA915E}.Release|Any CPU.ActiveCfg = Release|Any CPU
		{56EE68CA-271E-4E50-80BB-F0B8BECA915E}.Release|Any CPU.Build.0 = Release|Any CPU
		{BA2F0B13-7D47-4338-AFE0-B77D33907058}.Debug|Any CPU.ActiveCfg = Debug|Any CPU
		{BA2F0B13-7D47-4338-AFE0-B77D33907058}.Debug|Any CPU.Build.0 = Debug|Any CPU
		{BA2F0B13-7D47-4338-AFE0-B77D33907058}.Release|Any CPU.ActiveCfg = Release|Any CPU
		{BA2F0B13-7D47-4338-AFE0-B77D33907058}.Release|Any CPU.Build.0 = Release|Any CPU
	EndGlobalSection
	GlobalSection(SolutionProperties) = preSolution
		HideSolutionNode = FALSE
	EndGlobalSection
	GlobalSection(NestedProjects) = preSolution
		{F8A87B77-8A9A-4477-849B-A3FEAC95570C} = {9198727E-BBC7-4769-B9CF-2552F748845F}
		{465913DA-230E-45AD-B05F-A91C5ED377D1} = {9198727E-BBC7-4769-B9CF-2552F748845F}
		{0FEC1DFB-F640-4988-8F85-7BE6709A5674} = {9198727E-BBC7-4769-B9CF-2552F748845F}
		{F358B56E-FDF8-4C74-8C57-C0FB292E7F97} = {9198727E-BBC7-4769-B9CF-2552F748845F}
		{2D05BD95-CD79-4CAD-9983-6FBA904DFA2B} = {E116F173-A30B-49DB-A24E-5B9FE849277C}
		{9198727E-BBC7-4769-B9CF-2552F748845F} = {E116F173-A30B-49DB-A24E-5B9FE849277C}
		{531F3DED-7003-493E-A08B-4561CEB6AE3A} = {2D05BD95-CD79-4CAD-9983-6FBA904DFA2B}
		{AC305978-129F-413D-BEC6-83AE6B9D667F} = {2D05BD95-CD79-4CAD-9983-6FBA904DFA2B}
		{AE5A154F-E541-4C7D-9CF9-6B5FA7987C81} = {1D3C002F-46E6-42BF-90BC-B56CF25D9BBC}
		{93F87C9E-5C1B-447A-A59E-4E07F519F70D} = {1D3C002F-46E6-42BF-90BC-B56CF25D9BBC}
		{6F8E4C1B-0BAD-428F-AAE5-D6632DBA3C44} = {1D3C002F-46E6-42BF-90BC-B56CF25D9BBC}
		{058AC89C-41DD-4EBA-87F4-0BC4962544C5} = {073E4AA2-266D-4720-9BA6-B1EE3A82FC60}
		{3CFF5D69-FAFA-42F6-ADEB-D8D4A1210C00} = {073E4AA2-266D-4720-9BA6-B1EE3A82FC60}
		{C4B049AB-C6C6-4FAE-B635-8863E27385EB} = {058AC89C-41DD-4EBA-87F4-0BC4962544C5}
		{806E812E-63FC-47EB-9A2F-CE55A6C2BCBB} = {058AC89C-41DD-4EBA-87F4-0BC4962544C5}
		{2B2C4500-FFB7-4EAD-81B8-B6C9D9832E95} = {058AC89C-41DD-4EBA-87F4-0BC4962544C5}
		{A8781DAB-C75A-4113-9D49-A23BE6391889} = {058AC89C-41DD-4EBA-87F4-0BC4962544C5}
		{362E1CF8-E981-4680-8970-A60699BD35EC} = {3CFF5D69-FAFA-42F6-ADEB-D8D4A1210C00}
		{C62946A9-689C-4569-AA42-018D54220184} = {3CFF5D69-FAFA-42F6-ADEB-D8D4A1210C00}
		{56EE68CA-271E-4E50-80BB-F0B8BECA915E} = {3CFF5D69-FAFA-42F6-ADEB-D8D4A1210C00}
		{BA2F0B13-7D47-4338-AFE0-B77D33907058} = {F51066FE-067C-4E66-A803-8945504AF527}
	EndGlobalSection
	GlobalSection(ExtensibilityGlobals) = postSolution
		SolutionGuid = {A8942A0E-2F94-462D-A2A3-E812D0FA31F4}
	EndGlobalSection
EndGlobal
