
Microsoft Visual Studio Solution File, Format Version 12.00
# Visual Studio Version 17
VisualStudioVersion = 17.11.35303.130
MinimumVisualStudioVersion = 10.0.40219.1
Project("{2150E333-8FDC-42A3-9474-1A3956D46DE8}") = "AdministrationService", "AdministrationService", "{E116F173-A30B-49DB-A24E-5B9FE849277C}"
EndProject
Project("{2150E333-8FDC-42A3-9474-1A3956D46DE8}") = "test", "test", "{2D05BD95-CD79-4CAD-9983-6FBA904DFA2B}"
EndProject
Project("{2150E333-8FDC-42A3-9474-1A3956D46DE8}") = "src", "src", "{9198727E-BBC7-4769-B9CF-2552F748845F}"
EndProject
Project("{2150E333-8FDC-42A3-9474-1A3956D46DE8}") = "Shared", "Shared", "{1D3C002F-46E6-42BF-90BC-B56CF25D9BBC}"
EndProject
Project("{2150E333-8FDC-42A3-9474-1A3956D46DE8}") = "TaskService", "TaskService", "{073E4AA2-266D-4720-9BA6-B1EE3A82FC60}"
EndProject
Project("{2150E333-8FDC-42A3-9474-1A3956D46DE8}") = "ApiGateway", "ApiGateway", "{F51066FE-067C-4E66-A803-8945504AF527}"
EndProject
Project("{9A19103F-16F7-4668-BE54-9A1E7A4F7556}") = "AdministrationService.Application", "AdministrationService\src\AdministrationService.Application\AdministrationService.Application.csproj", "{9F962B02-D2BE-4DB9-A582-22EEEC8F5EF5}"
EndProject
Project("{9A19103F-16F7-4668-BE54-9A1E7A4F7556}") = "AdministrationService.Domain", "AdministrationService\src\AdministrationService.Domain\AdministrationService.Domain.csproj", "{F9F653AC-8703-4B81-9095-071A0F335959}"
EndProject
Project("{9A19103F-16F7-4668-BE54-9A1E7A4F7556}") = "AdministrationService.Infrastructure", "AdministrationService\src\AdministrationService.Infrastructure\AdministrationService.Infrastructure.csproj", "{2BAB24CB-8921-41D8-A6E4-2801FAA1F60D}"
EndProject
Project("{9A19103F-16F7-4668-BE54-9A1E7A4F7556}") = "AdministrationService.WebAPI", "AdministrationService\src\AdministrationService.WebAPI\AdministrationService.WebAPI.csproj", "{6E32B1C9-2A25-43CC-9F46-24BF27463703}"
EndProject
Project("{9A19103F-16F7-4668-BE54-9A1E7A4F7556}") = "AdministrationService.IntegrationTests", "AdministrationService\test\AdministrationService.IntegrationTests\AdministrationService.IntegrationTests.csproj", "{BEB5144D-DDD4-4444-8436-F467635DA32E}"
EndProject
Project("{9A19103F-16F7-4668-BE54-9A1E7A4F7556}") = "AdministrationService.UnitTests", "AdministrationService\test\AdministrationService.UnitTests\AdministrationService.UnitTests.csproj", "{E28AB233-50DE-40EB-ACFF-3EC553DECCB1}"
EndProject
Project("{2150E333-8FDC-42A3-9474-1A3956D46DE8}") = "src", "src", "{DA808E94-D94E-4273-BE67-28D824943E39}"
EndProject
Project("{2150E333-8FDC-42A3-9474-1A3956D46DE8}") = "test", "test", "{7519794B-8B17-4099-8BAC-907523DEFB9D}"
EndProject
Project("{9A19103F-16F7-4668-BE54-9A1E7A4F7556}") = "T3.ApiGateway", "ApiGateway\T3.ApiGateway\T3.ApiGateway.csproj", "{CEC462CE-79BA-4051-80F1-5EC1995B06AC}"
EndProject
Project("{9A19103F-16F7-4668-BE54-9A1E7A4F7556}") = "T3.Domain.Shared", "Shared\T3.Domain.Shared\T3.Domain.Shared.csproj", "{D8AA3D05-8BBF-4793-87CD-36EB546DB8B6}"
EndProject
Project("{9A19103F-16F7-4668-BE54-9A1E7A4F7556}") = "T3.Infrastructure.Shared", "Shared\T3.Infrastructure.Shared\T3.Infrastructure.Shared.csproj", "{B66E37C3-DF3A-43EB-B82A-7B56E1D3FBF8}"
EndProject
Project("{9A19103F-16F7-4668-BE54-9A1E7A4F7556}") = "T3.Shared", "Shared\T3.Shared\T3.Shared.csproj", "{27EF5B26-AB7D-48C6-9896-D8F87AF41C6B}"
EndProject
Project("{9A19103F-16F7-4668-BE54-9A1E7A4F7556}") = "TaskService.Application", "TaskService\src\TaskService.Application\TaskService.Application.csproj", "{08BAB6CF-7C09-4202-B585-D38106A7711B}"
EndProject
Project("{9A19103F-16F7-4668-BE54-9A1E7A4F7556}") = "TaskService.Domain", "TaskService\src\TaskService.Domain\TaskService.Domain.csproj", "{7D8CB53A-70E7-4DB4-8256-F8908C86575A}"
EndProject
Project("{9A19103F-16F7-4668-BE54-9A1E7A4F7556}") = "TaskService.Infrastructure", "TaskService\src\TaskService.Infrastructure\TaskService.Infrastructure.csproj", "{7525B46B-CD33-42B3-8B22-003082E42925}"
EndProject
Project("{9A19103F-16F7-4668-BE54-9A1E7A4F7556}") = "TaskService.WebAPI", "TaskService\src\TaskService.WebAPI\TaskService.WebAPI.csproj", "{2BA64D1D-B71A-49BF-8B6A-00294A87C134}"
EndProject
Project("{9A19103F-16F7-4668-BE54-9A1E7A4F7556}") = "TaskService.FunctionalTests", "TaskService\test\TaskService.FunctionalTests\TaskService.FunctionalTests.csproj", "{95797FC5-E113-4CA3-B24C-8857DCBC40C3}"
EndProject
Project("{9A19103F-16F7-4668-BE54-9A1E7A4F7556}") = "TaskService.IntegrationTests", "TaskService\test\TaskService.IntegrationTests\TaskService.IntegrationTests.csproj", "{C4C94FB1-5748-4C40-ACCF-BCCABA923C53}"
EndProject
Project("{9A19103F-16F7-4668-BE54-9A1E7A4F7556}") = "TaskService.UnitTests", "TaskService\test\TaskService.UnitTests\TaskService.UnitTests.csproj", "{A815404E-D97E-46B3-872C-B8886C62152F}"
EndProject
Global
	GlobalSection(SolutionConfigurationPlatforms) = preSolution
		Debug|Any CPU = Debug|Any CPU
		Release|Any CPU = Release|Any CPU
	EndGlobalSection
	GlobalSection(ProjectConfigurationPlatforms) = postSolution
		{9F962B02-D2BE-4DB9-A582-22EEEC8F5EF5}.Debug|Any CPU.ActiveCfg = Debug|Any CPU
		{9F962B02-D2BE-4DB9-A582-22EEEC8F5EF5}.Debug|Any CPU.Build.0 = Debug|Any CPU
		{9F962B02-D2BE-4DB9-A582-22EEEC8F5EF5}.Release|Any CPU.ActiveCfg = Release|Any CPU
		{9F962B02-D2BE-4DB9-A582-22EEEC8F5EF5}.Release|Any CPU.Build.0 = Release|Any CPU
		{F9F653AC-8703-4B81-9095-071A0F335959}.Debug|Any CPU.ActiveCfg = Debug|Any CPU
		{F9F653AC-8703-4B81-9095-071A0F335959}.Debug|Any CPU.Build.0 = Debug|Any CPU
		{F9F653AC-8703-4B81-9095-071A0F335959}.Release|Any CPU.ActiveCfg = Release|Any CPU
		{F9F653AC-8703-4B81-9095-071A0F335959}.Release|Any CPU.Build.0 = Release|Any CPU
		{2BAB24CB-8921-41D8-A6E4-2801FAA1F60D}.Debug|Any CPU.ActiveCfg = Debug|Any CPU
		{2BAB24CB-8921-41D8-A6E4-2801FAA1F60D}.Debug|Any CPU.Build.0 = Debug|Any CPU
		{2BAB24CB-8921-41D8-A6E4-2801FAA1F60D}.Release|Any CPU.ActiveCfg = Release|Any CPU
		{2BAB24CB-8921-41D8-A6E4-2801FAA1F60D}.Release|Any CPU.Build.0 = Release|Any CPU
		{6E32B1C9-2A25-43CC-9F46-24BF27463703}.Debug|Any CPU.ActiveCfg = Debug|Any CPU
		{6E32B1C9-2A25-43CC-9F46-24BF27463703}.Debug|Any CPU.Build.0 = Debug|Any CPU
		{6E32B1C9-2A25-43CC-9F46-24BF27463703}.Release|Any CPU.ActiveCfg = Release|Any CPU
		{6E32B1C9-2A25-43CC-9F46-24BF27463703}.Release|Any CPU.Build.0 = Release|Any CPU
		{BEB5144D-DDD4-4444-8436-F467635DA32E}.Debug|Any CPU.ActiveCfg = Debug|Any CPU
		{BEB5144D-DDD4-4444-8436-F467635DA32E}.Debug|Any CPU.Build.0 = Debug|Any CPU
		{BEB5144D-DDD4-4444-8436-F467635DA32E}.Release|Any CPU.ActiveCfg = Release|Any CPU
		{BEB5144D-DDD4-4444-8436-F467635DA32E}.Release|Any CPU.Build.0 = Release|Any CPU
		{E28AB233-50DE-40EB-ACFF-3EC553DECCB1}.Debug|Any CPU.ActiveCfg = Debug|Any CPU
		{E28AB233-50DE-40EB-ACFF-3EC553DECCB1}.Debug|Any CPU.Build.0 = Debug|Any CPU
		{E28AB233-50DE-40EB-ACFF-3EC553DECCB1}.Release|Any CPU.ActiveCfg = Release|Any CPU
		{E28AB233-50DE-40EB-ACFF-3EC553DECCB1}.Release|Any CPU.Build.0 = Release|Any CPU
		{CEC462CE-79BA-4051-80F1-5EC1995B06AC}.Debug|Any CPU.ActiveCfg = Debug|Any CPU
		{CEC462CE-79BA-4051-80F1-5EC1995B06AC}.Debug|Any CPU.Build.0 = Debug|Any CPU
		{CEC462CE-79BA-4051-80F1-5EC1995B06AC}.Release|Any CPU.ActiveCfg = Release|Any CPU
		{CEC462CE-79BA-4051-80F1-5EC1995B06AC}.Release|Any CPU.Build.0 = Release|Any CPU
		{D8AA3D05-8BBF-4793-87CD-36EB546DB8B6}.Debug|Any CPU.ActiveCfg = Debug|Any CPU
		{D8AA3D05-8BBF-4793-87CD-36EB546DB8B6}.Debug|Any CPU.Build.0 = Debug|Any CPU
		{D8AA3D05-8BBF-4793-87CD-36EB546DB8B6}.Release|Any CPU.ActiveCfg = Release|Any CPU
		{D8AA3D05-8BBF-4793-87CD-36EB546DB8B6}.Release|Any CPU.Build.0 = Release|Any CPU
		{B66E37C3-DF3A-43EB-B82A-7B56E1D3FBF8}.Debug|Any CPU.ActiveCfg = Debug|Any CPU
		{B66E37C3-DF3A-43EB-B82A-7B56E1D3FBF8}.Debug|Any CPU.Build.0 = Debug|Any CPU
		{B66E37C3-DF3A-43EB-B82A-7B56E1D3FBF8}.Release|Any CPU.ActiveCfg = Release|Any CPU
		{B66E37C3-DF3A-43EB-B82A-7B56E1D3FBF8}.Release|Any CPU.Build.0 = Release|Any CPU
		{27EF5B26-AB7D-48C6-9896-D8F87AF41C6B}.Debug|Any CPU.ActiveCfg = Debug|Any CPU
		{27EF5B26-AB7D-48C6-9896-D8F87AF41C6B}.Debug|Any CPU.Build.0 = Debug|Any CPU
		{27EF5B26-AB7D-48C6-9896-D8F87AF41C6B}.Release|Any CPU.ActiveCfg = Release|Any CPU
		{27EF5B26-AB7D-48C6-9896-D8F87AF41C6B}.Release|Any CPU.Build.0 = Release|Any CPU
		{08BAB6CF-7C09-4202-B585-D38106A7711B}.Debug|Any CPU.ActiveCfg = Debug|Any CPU
		{08BAB6CF-7C09-4202-B585-D38106A7711B}.Debug|Any CPU.Build.0 = Debug|Any CPU
		{08BAB6CF-7C09-4202-B585-D38106A7711B}.Release|Any CPU.ActiveCfg = Release|Any CPU
		{08BAB6CF-7C09-4202-B585-D38106A7711B}.Release|Any CPU.Build.0 = Release|Any CPU
		{7D8CB53A-70E7-4DB4-8256-F8908C86575A}.Debug|Any CPU.ActiveCfg = Debug|Any CPU
		{7D8CB53A-70E7-4DB4-8256-F8908C86575A}.Debug|Any CPU.Build.0 = Debug|Any CPU
		{7D8CB53A-70E7-4DB4-8256-F8908C86575A}.Release|Any CPU.ActiveCfg = Release|Any CPU
		{7D8CB53A-70E7-4DB4-8256-F8908C86575A}.Release|Any CPU.Build.0 = Release|Any CPU
		{7525B46B-CD33-42B3-8B22-003082E42925}.Debug|Any CPU.ActiveCfg = Debug|Any CPU
		{7525B46B-CD33-42B3-8B22-003082E42925}.Debug|Any CPU.Build.0 = Debug|Any CPU
		{7525B46B-CD33-42B3-8B22-003082E42925}.Release|Any CPU.ActiveCfg = Release|Any CPU
		{7525B46B-CD33-42B3-8B22-003082E42925}.Release|Any CPU.Build.0 = Release|Any CPU
		{2BA64D1D-B71A-49BF-8B6A-00294A87C134}.Debug|Any CPU.ActiveCfg = Debug|Any CPU
		{2BA64D1D-B71A-49BF-8B6A-00294A87C134}.Debug|Any CPU.Build.0 = Debug|Any CPU
		{2BA64D1D-B71A-49BF-8B6A-00294A87C134}.Release|Any CPU.ActiveCfg = Release|Any CPU
		{2BA64D1D-B71A-49BF-8B6A-00294A87C134}.Release|Any CPU.Build.0 = Release|Any CPU
		{95797FC5-E113-4CA3-B24C-8857DCBC40C3}.Debug|Any CPU.ActiveCfg = Debug|Any CPU
		{95797FC5-E113-4CA3-B24C-8857DCBC40C3}.Debug|Any CPU.Build.0 = Debug|Any CPU
		{95797FC5-E113-4CA3-B24C-8857DCBC40C3}.Release|Any CPU.ActiveCfg = Release|Any CPU
		{95797FC5-E113-4CA3-B24C-8857DCBC40C3}.Release|Any CPU.Build.0 = Release|Any CPU
		{C4C94FB1-5748-4C40-ACCF-BCCABA923C53}.Debug|Any CPU.ActiveCfg = Debug|Any CPU
		{C4C94FB1-5748-4C40-ACCF-BCCABA923C53}.Debug|Any CPU.Build.0 = Debug|Any CPU
		{C4C94FB1-5748-4C40-ACCF-BCCABA923C53}.Release|Any CPU.ActiveCfg = Release|Any CPU
		{C4C94FB1-5748-4C40-ACCF-BCCABA923C53}.Release|Any CPU.Build.0 = Release|Any CPU
		{A815404E-D97E-46B3-872C-B8886C62152F}.Debug|Any CPU.ActiveCfg = Debug|Any CPU
		{A815404E-D97E-46B3-872C-B8886C62152F}.Debug|Any CPU.Build.0 = Debug|Any CPU
		{A815404E-D97E-46B3-872C-B8886C62152F}.Release|Any CPU.ActiveCfg = Release|Any CPU
		{A815404E-D97E-46B3-872C-B8886C62152F}.Release|Any CPU.Build.0 = Release|Any CPU
	EndGlobalSection
	GlobalSection(SolutionProperties) = preSolution
		HideSolutionNode = FALSE
	EndGlobalSection
	GlobalSection(NestedProjects) = preSolution
		{2D05BD95-CD79-4CAD-9983-6FBA904DFA2B} = {E116F173-A30B-49DB-A24E-5B9FE849277C}
		{9198727E-BBC7-4769-B9CF-2552F748845F} = {E116F173-A30B-49DB-A24E-5B9FE849277C}
		{9F962B02-D2BE-4DB9-A582-22EEEC8F5EF5} = {9198727E-BBC7-4769-B9CF-2552F748845F}
		{F9F653AC-8703-4B81-9095-071A0F335959} = {9198727E-BBC7-4769-B9CF-2552F748845F}
		{2BAB24CB-8921-41D8-A6E4-2801FAA1F60D} = {9198727E-BBC7-4769-B9CF-2552F748845F}
		{6E32B1C9-2A25-43CC-9F46-24BF27463703} = {9198727E-BBC7-4769-B9CF-2552F748845F}
		{BEB5144D-DDD4-4444-8436-F467635DA32E} = {2D05BD95-CD79-4CAD-9983-6FBA904DFA2B}
		{E28AB233-50DE-40EB-ACFF-3EC553DECCB1} = {2D05BD95-CD79-4CAD-9983-6FBA904DFA2B}
		{DA808E94-D94E-4273-BE67-28D824943E39} = {073E4AA2-266D-4720-9BA6-B1EE3A82FC60}
		{7519794B-8B17-4099-8BAC-907523DEFB9D} = {073E4AA2-266D-4720-9BA6-B1EE3A82FC60}
		{CEC462CE-79BA-4051-80F1-5EC1995B06AC} = {F51066FE-067C-4E66-A803-8945504AF527}
		{D8AA3D05-8BBF-4793-87CD-36EB546DB8B6} = {1D3C002F-46E6-42BF-90BC-B56CF25D9BBC}
		{B66E37C3-DF3A-43EB-B82A-7B56E1D3FBF8} = {1D3C002F-46E6-42BF-90BC-B56CF25D9BBC}
		{27EF5B26-AB7D-48C6-9896-D8F87AF41C6B} = {1D3C002F-46E6-42BF-90BC-B56CF25D9BBC}
		{08BAB6CF-7C09-4202-B585-D38106A7711B} = {DA808E94-D94E-4273-BE67-28D824943E39}
		{7D8CB53A-70E7-4DB4-8256-F8908C86575A} = {DA808E94-D94E-4273-BE67-28D824943E39}
		{7525B46B-CD33-42B3-8B22-003082E42925} = {DA808E94-D94E-4273-BE67-28D824943E39}
		{2BA64D1D-B71A-49BF-8B6A-00294A87C134} = {DA808E94-D94E-4273-BE67-28D824943E39}
		{95797FC5-E113-4CA3-B24C-8857DCBC40C3} = {7519794B-8B17-4099-8BAC-907523DEFB9D}
		{C4C94FB1-5748-4C40-ACCF-BCCABA923C53} = {7519794B-8B17-4099-8BAC-907523DEFB9D}
		{A815404E-D97E-46B3-872C-B8886C62152F} = {7519794B-8B17-4099-8BAC-907523DEFB9D}
	EndGlobalSection
	GlobalSection(ExtensibilityGlobals) = postSolution
		SolutionGuid = {A8942A0E-2F94-462D-A2A3-E812D0FA31F4}
	EndGlobalSection
EndGlobal
